
Microsoft Visual Studio Solution File, Format Version 12.00
# Visual Studio 15
VisualStudioVersion = 15.0.27130.2036
MinimumVisualStudioVersion = 10.0.40219.1
Project("{FAE04EC0-301F-11D3-BF4B-00C04F79EFBC}") = "EDP_Lab.5", "EDP_Lab.5\EDP_Lab.5.csproj", "{1810525B-FD62-472D-BEF0-49834ED17677}"
EndProject
Project("{FAE04EC0-301F-11D3-BF4B-00C04F79EFBC}") = "WindowsFormsApp1", "..\WindowsFormsApp1\WindowsFormsApp1\WindowsFormsApp1.csproj", "{BF4B51ED-30D6-424F-9AE0-43108BE5AC69}"
EndProject
Global
	GlobalSection(SolutionConfigurationPlatforms) = preSolution
		Debug|Any CPU = Debug|Any CPU
		Release|Any CPU = Release|Any CPU
	EndGlobalSection
	GlobalSection(ProjectConfigurationPlatforms) = postSolution
		{1810525B-FD62-472D-BEF0-49834ED17677}.Debug|Any CPU.ActiveCfg = Debug|Any CPU
		{1810525B-FD62-472D-BEF0-49834ED17677}.Debug|Any CPU.Build.0 = Debug|Any CPU
		{1810525B-FD62-472D-BEF0-49834ED17677}.Release|Any CPU.ActiveCfg = Release|Any CPU
		{1810525B-FD62-472D-BEF0-49834ED17677}.Release|Any CPU.Build.0 = Release|Any CPU
		{BF4B51ED-30D6-424F-9AE0-43108BE5AC69}.Debug|Any CPU.ActiveCfg = Debug|Any CPU
		{BF4B51ED-30D6-424F-9AE0-43108BE5AC69}.Debug|Any CPU.Build.0 = Debug|Any CPU
		{BF4B51ED-30D6-424F-9AE0-43108BE5AC69}.Release|Any CPU.ActiveCfg = Release|Any CPU
		{BF4B51ED-30D6-424F-9AE0-43108BE5AC69}.Release|Any CPU.Build.0 = Release|Any CPU
	EndGlobalSection
	GlobalSection(SolutionProperties) = preSolution
		HideSolutionNode = FALSE
	EndGlobalSection
	GlobalSection(ExtensibilityGlobals) = postSolution
		SolutionGuid = {058B9077-B763-49B5-AD3B-2CABAEB1D3AB}
	EndGlobalSection
EndGlobal
